// !$*UTF8*$!
{
	archiveVersion = 1;
	classes = {
	};
	objectVersion = 50;
	objects = {

/* Begin PBXBuildFile section */
		839CF440267B78AB00E259D9 /* SettingsViewController.swift in Sources */ = {isa = PBXBuildFile; fileRef = 839CF43F267B78AB00E259D9 /* SettingsViewController.swift */; };
		83D226CD2620F4910050ED9E /* PinViewController.swift in Sources */ = {isa = PBXBuildFile; fileRef = 83D226CC2620F4910050ED9E /* PinViewController.swift */; };
		9F421AB3261B9755004197B4 /* ArtworkViews.swift in Sources */ = {isa = PBXBuildFile; fileRef = 9F421AB2261B9755004197B4 /* ArtworkViews.swift */; };
		9F612054230CAC2300F1D9DE /* Artwork.swift in Sources */ = {isa = PBXBuildFile; fileRef = 9F612053230CAC2300F1D9DE /* Artwork.swift */; };
		9F70CCEA231850DC003AED89 /* all_locations.json in Resources */ = {isa = PBXBuildFile; fileRef = 9F70CCE9231850DC003AED89 /* all_locations.json */; };
		9F9F31A52300B40900C0E854 /* AppDelegate.swift in Sources */ = {isa = PBXBuildFile; fileRef = 9F9F31A42300B40900C0E854 /* AppDelegate.swift */; };
		9F9F31A72300B40900C0E854 /* ViewController.swift in Sources */ = {isa = PBXBuildFile; fileRef = 9F9F31A62300B40900C0E854 /* ViewController.swift */; };
		9F9F31AA2300B40900C0E854 /* Main.storyboard in Resources */ = {isa = PBXBuildFile; fileRef = 9F9F31A82300B40900C0E854 /* Main.storyboard */; };
		9F9F31AF2300B40A00C0E854 /* LaunchScreen.storyboard in Resources */ = {isa = PBXBuildFile; fileRef = 9F9F31AD2300B40A00C0E854 /* LaunchScreen.storyboard */; };
		9F9F31BA2300B40A00C0E854 /* PennyMeTests.swift in Sources */ = {isa = PBXBuildFile; fileRef = 9F9F31B92300B40A00C0E854 /* PennyMeTests.swift */; };
		9F9F31C52300B40A00C0E854 /* PennyMeUITests.swift in Sources */ = {isa = PBXBuildFile; fileRef = 9F9F31C42300B40A00C0E854 /* PennyMeUITests.swift */; };
		9FAC9326231828ED00BDEA98 /* Assets.xcassets in Resources */ = {isa = PBXBuildFile; fileRef = 9FAC9325231828ED00BDEA98 /* Assets.xcassets */; };
		9FC12D6B230E9B1E00016617 /* AboutViewController.swift in Sources */ = {isa = PBXBuildFile; fileRef = 9FC12D6A230E9B1E00016617 /* AboutViewController.swift */; };
		9FF43BDA2621221A00BE3F6A /* SearchFooter.swift in Sources */ = {isa = PBXBuildFile; fileRef = 9FF43BD92621221A00BE3F6A /* SearchFooter.swift */; };
/* End PBXBuildFile section */

/* Begin PBXContainerItemProxy section */
		9F9F31B62300B40A00C0E854 /* PBXContainerItemProxy */ = {
			isa = PBXContainerItemProxy;
			containerPortal = 9F9F31992300B40900C0E854 /* Project object */;
			proxyType = 1;
			remoteGlobalIDString = 9F9F31A02300B40900C0E854;
			remoteInfo = PennyMe;
		};
		9F9F31C12300B40A00C0E854 /* PBXContainerItemProxy */ = {
			isa = PBXContainerItemProxy;
			containerPortal = 9F9F31992300B40900C0E854 /* Project object */;
			proxyType = 1;
			remoteGlobalIDString = 9F9F31A02300B40900C0E854;
			remoteInfo = PennyMe;
		};
/* End PBXContainerItemProxy section */

/* Begin PBXFileReference section */
		839CF43F267B78AB00E259D9 /* SettingsViewController.swift */ = {isa = PBXFileReference; lastKnownFileType = sourcecode.swift; path = SettingsViewController.swift; sourceTree = "<group>"; };
		83D226CC2620F4910050ED9E /* PinViewController.swift */ = {isa = PBXFileReference; lastKnownFileType = sourcecode.swift; path = PinViewController.swift; sourceTree = "<group>"; };
		9F421AB2261B9755004197B4 /* ArtworkViews.swift */ = {isa = PBXFileReference; lastKnownFileType = sourcecode.swift; path = ArtworkViews.swift; sourceTree = "<group>"; };
		9F612053230CAC2300F1D9DE /* Artwork.swift */ = {isa = PBXFileReference; lastKnownFileType = sourcecode.swift; path = Artwork.swift; sourceTree = "<group>"; };
		9F70CCE9231850DC003AED89 /* all_locations.json */ = {isa = PBXFileReference; fileEncoding = 4; lastKnownFileType = text.json; name = all_locations.json; path = data/all_locations.json; sourceTree = "<group>"; };
		9F9F31A12300B40900C0E854 /* PennyMe.app */ = {isa = PBXFileReference; explicitFileType = wrapper.application; includeInIndex = 0; path = PennyMe.app; sourceTree = BUILT_PRODUCTS_DIR; };
		9F9F31A42300B40900C0E854 /* AppDelegate.swift */ = {isa = PBXFileReference; lastKnownFileType = sourcecode.swift; path = AppDelegate.swift; sourceTree = "<group>"; };
		9F9F31A62300B40900C0E854 /* ViewController.swift */ = {isa = PBXFileReference; lastKnownFileType = sourcecode.swift; path = ViewController.swift; sourceTree = "<group>"; };
		9F9F31A92300B40900C0E854 /* Base */ = {isa = PBXFileReference; lastKnownFileType = file.storyboard; name = Base; path = Base.lproj/Main.storyboard; sourceTree = "<group>"; };
		9F9F31AE2300B40A00C0E854 /* Base */ = {isa = PBXFileReference; lastKnownFileType = file.storyboard; name = Base; path = Base.lproj/LaunchScreen.storyboard; sourceTree = "<group>"; };
		9F9F31B02300B40A00C0E854 /* Info.plist */ = {isa = PBXFileReference; lastKnownFileType = text.plist.xml; path = Info.plist; sourceTree = "<group>"; };
		9F9F31B52300B40A00C0E854 /* PennyMeTests.xctest */ = {isa = PBXFileReference; explicitFileType = wrapper.cfbundle; includeInIndex = 0; path = PennyMeTests.xctest; sourceTree = BUILT_PRODUCTS_DIR; };
		9F9F31B92300B40A00C0E854 /* PennyMeTests.swift */ = {isa = PBXFileReference; lastKnownFileType = sourcecode.swift; path = PennyMeTests.swift; sourceTree = "<group>"; };
		9F9F31BB2300B40A00C0E854 /* Info.plist */ = {isa = PBXFileReference; lastKnownFileType = text.plist.xml; path = Info.plist; sourceTree = "<group>"; };
		9F9F31C02300B40A00C0E854 /* PennyMeUITests.xctest */ = {isa = PBXFileReference; explicitFileType = wrapper.cfbundle; includeInIndex = 0; path = PennyMeUITests.xctest; sourceTree = BUILT_PRODUCTS_DIR; };
		9F9F31C42300B40A00C0E854 /* PennyMeUITests.swift */ = {isa = PBXFileReference; lastKnownFileType = sourcecode.swift; path = PennyMeUITests.swift; sourceTree = "<group>"; };
		9F9F31C62300B40A00C0E854 /* Info.plist */ = {isa = PBXFileReference; lastKnownFileType = text.plist.xml; path = Info.plist; sourceTree = "<group>"; };
		9FAC9325231828ED00BDEA98 /* Assets.xcassets */ = {isa = PBXFileReference; lastKnownFileType = folder.assetcatalog; name = Assets.xcassets; path = PennyMe/Assets.xcassets; sourceTree = "<group>"; };
		9FC12D6A230E9B1E00016617 /* AboutViewController.swift */ = {isa = PBXFileReference; lastKnownFileType = sourcecode.swift; path = AboutViewController.swift; sourceTree = "<group>"; };
		9FF43BD92621221A00BE3F6A /* SearchFooter.swift */ = {isa = PBXFileReference; lastKnownFileType = sourcecode.swift; path = SearchFooter.swift; sourceTree = "<group>"; };
/* End PBXFileReference section */

/* Begin PBXFrameworksBuildPhase section */
		9F9F319E2300B40900C0E854 /* Frameworks */ = {
			isa = PBXFrameworksBuildPhase;
			buildActionMask = 2147483647;
			files = (
			);
			runOnlyForDeploymentPostprocessing = 0;
		};
		9F9F31B22300B40A00C0E854 /* Frameworks */ = {
			isa = PBXFrameworksBuildPhase;
			buildActionMask = 2147483647;
			files = (
			);
			runOnlyForDeploymentPostprocessing = 0;
		};
		9F9F31BD2300B40A00C0E854 /* Frameworks */ = {
			isa = PBXFrameworksBuildPhase;
			buildActionMask = 2147483647;
			files = (
			);
			runOnlyForDeploymentPostprocessing = 0;
		};
/* End PBXFrameworksBuildPhase section */

/* Begin PBXGroup section */
		9F9F31982300B40900C0E854 = {
			isa = PBXGroup;
			children = (
				9FAC9325231828ED00BDEA98 /* Assets.xcassets */,
				9F9F31A32300B40900C0E854 /* PennyMe */,
				9F9F31B82300B40A00C0E854 /* PennyMeTests */,
				9F9F31C32300B40A00C0E854 /* PennyMeUITests */,
				9F9F31A22300B40900C0E854 /* Products */,
				9F70CCE9231850DC003AED89 /* all_locations.json */,
				9FCD083F230EADB200BC8797 /* Frameworks */,
			);
			sourceTree = "<group>";
		};
		9F9F31A22300B40900C0E854 /* Products */ = {
			isa = PBXGroup;
			children = (
				9F9F31A12300B40900C0E854 /* PennyMe.app */,
				9F9F31B52300B40A00C0E854 /* PennyMeTests.xctest */,
				9F9F31C02300B40A00C0E854 /* PennyMeUITests.xctest */,
			);
			name = Products;
			sourceTree = "<group>";
		};
		9F9F31A32300B40900C0E854 /* PennyMe */ = {
			isa = PBXGroup;
			children = (
				839CF43F267B78AB00E259D9 /* SettingsViewController.swift */,
				83D226CC2620F4910050ED9E /* PinViewController.swift */,
				9FC12D6A230E9B1E00016617 /* AboutViewController.swift */,
				9F9F31A42300B40900C0E854 /* AppDelegate.swift */,
				9F9F31A62300B40900C0E854 /* ViewController.swift */,
				9F612053230CAC2300F1D9DE /* Artwork.swift */,
				9F9F31A82300B40900C0E854 /* Main.storyboard */,
				9F9F31AD2300B40A00C0E854 /* LaunchScreen.storyboard */,
				9F9F31B02300B40A00C0E854 /* Info.plist */,
				9F421AB2261B9755004197B4 /* ArtworkViews.swift */,
				9FF43BD92621221A00BE3F6A /* SearchFooter.swift */,
			);
			path = PennyMe;
			sourceTree = "<group>";
		};
		9F9F31B82300B40A00C0E854 /* PennyMeTests */ = {
			isa = PBXGroup;
			children = (
				9F9F31B92300B40A00C0E854 /* PennyMeTests.swift */,
				9F9F31BB2300B40A00C0E854 /* Info.plist */,
			);
			path = PennyMeTests;
			sourceTree = "<group>";
		};
		9F9F31C32300B40A00C0E854 /* PennyMeUITests */ = {
			isa = PBXGroup;
			children = (
				9F9F31C42300B40A00C0E854 /* PennyMeUITests.swift */,
				9F9F31C62300B40A00C0E854 /* Info.plist */,
			);
			path = PennyMeUITests;
			sourceTree = "<group>";
		};
		9FCD083F230EADB200BC8797 /* Frameworks */ = {
			isa = PBXGroup;
			children = (
			);
			name = Frameworks;
			sourceTree = "<group>";
		};
/* End PBXGroup section */

/* Begin PBXNativeTarget section */
		9F9F31A02300B40900C0E854 /* PennyMe */ = {
			isa = PBXNativeTarget;
			buildConfigurationList = 9F9F31C92300B40A00C0E854 /* Build configuration list for PBXNativeTarget "PennyMe" */;
			buildPhases = (
				9F9F319D2300B40900C0E854 /* Sources */,
				9F9F319E2300B40900C0E854 /* Frameworks */,
				9F9F319F2300B40900C0E854 /* Resources */,
			);
			buildRules = (
			);
			dependencies = (
			);
			name = PennyMe;
			productName = PennyMe;
			productReference = 9F9F31A12300B40900C0E854 /* PennyMe.app */;
			productType = "com.apple.product-type.application";
		};
		9F9F31B42300B40A00C0E854 /* PennyMeTests */ = {
			isa = PBXNativeTarget;
			buildConfigurationList = 9F9F31CC2300B40A00C0E854 /* Build configuration list for PBXNativeTarget "PennyMeTests" */;
			buildPhases = (
				9F9F31B12300B40A00C0E854 /* Sources */,
				9F9F31B22300B40A00C0E854 /* Frameworks */,
				9F9F31B32300B40A00C0E854 /* Resources */,
			);
			buildRules = (
			);
			dependencies = (
				9F9F31B72300B40A00C0E854 /* PBXTargetDependency */,
			);
			name = PennyMeTests;
			productName = PennyMeTests;
			productReference = 9F9F31B52300B40A00C0E854 /* PennyMeTests.xctest */;
			productType = "com.apple.product-type.bundle.unit-test";
		};
		9F9F31BF2300B40A00C0E854 /* PennyMeUITests */ = {
			isa = PBXNativeTarget;
			buildConfigurationList = 9F9F31CF2300B40A00C0E854 /* Build configuration list for PBXNativeTarget "PennyMeUITests" */;
			buildPhases = (
				9F9F31BC2300B40A00C0E854 /* Sources */,
				9F9F31BD2300B40A00C0E854 /* Frameworks */,
				9F9F31BE2300B40A00C0E854 /* Resources */,
			);
			buildRules = (
			);
			dependencies = (
				9F9F31C22300B40A00C0E854 /* PBXTargetDependency */,
			);
			name = PennyMeUITests;
			productName = PennyMeUITests;
			productReference = 9F9F31C02300B40A00C0E854 /* PennyMeUITests.xctest */;
			productType = "com.apple.product-type.bundle.ui-testing";
		};
/* End PBXNativeTarget section */

/* Begin PBXProject section */
		9F9F31992300B40900C0E854 /* Project object */ = {
			isa = PBXProject;
			attributes = {
				LastSwiftUpdateCheck = 1010;
				LastUpgradeCheck = 1010;
				ORGANIZATIONNAME = "Jannis Born";
				TargetAttributes = {
					9F9F31A02300B40900C0E854 = {
						CreatedOnToolsVersion = 10.1;
						SystemCapabilities = {
							com.apple.InAppPurchase = {
								enabled = 0;
							};
						};
					};
					9F9F31B42300B40A00C0E854 = {
						CreatedOnToolsVersion = 10.1;
						TestTargetID = 9F9F31A02300B40900C0E854;
					};
					9F9F31BF2300B40A00C0E854 = {
						CreatedOnToolsVersion = 10.1;
						TestTargetID = 9F9F31A02300B40900C0E854;
					};
				};
			};
			buildConfigurationList = 9F9F319C2300B40900C0E854 /* Build configuration list for PBXProject "PennyMe" */;
			compatibilityVersion = "Xcode 9.3";
			developmentRegion = en;
			hasScannedForEncodings = 0;
			knownRegions = (
				en,
				Base,
			);
			mainGroup = 9F9F31982300B40900C0E854;
			productRefGroup = 9F9F31A22300B40900C0E854 /* Products */;
			projectDirPath = "";
			projectRoot = "";
			targets = (
				9F9F31A02300B40900C0E854 /* PennyMe */,
				9F9F31B42300B40A00C0E854 /* PennyMeTests */,
				9F9F31BF2300B40A00C0E854 /* PennyMeUITests */,
			);
		};
/* End PBXProject section */

/* Begin PBXResourcesBuildPhase section */
		9F9F319F2300B40900C0E854 /* Resources */ = {
			isa = PBXResourcesBuildPhase;
			buildActionMask = 2147483647;
			files = (
				9F9F31AF2300B40A00C0E854 /* LaunchScreen.storyboard in Resources */,
				9FAC9326231828ED00BDEA98 /* Assets.xcassets in Resources */,
				9F70CCEA231850DC003AED89 /* all_locations.json in Resources */,
				9F9F31AA2300B40900C0E854 /* Main.storyboard in Resources */,
			);
			runOnlyForDeploymentPostprocessing = 0;
		};
		9F9F31B32300B40A00C0E854 /* Resources */ = {
			isa = PBXResourcesBuildPhase;
			buildActionMask = 2147483647;
			files = (
			);
			runOnlyForDeploymentPostprocessing = 0;
		};
		9F9F31BE2300B40A00C0E854 /* Resources */ = {
			isa = PBXResourcesBuildPhase;
			buildActionMask = 2147483647;
			files = (
			);
			runOnlyForDeploymentPostprocessing = 0;
		};
/* End PBXResourcesBuildPhase section */

/* Begin PBXSourcesBuildPhase section */
		9F9F319D2300B40900C0E854 /* Sources */ = {
			isa = PBXSourcesBuildPhase;
			buildActionMask = 2147483647;
			files = (
				9F9F31A72300B40900C0E854 /* ViewController.swift in Sources */,
				9F421AB3261B9755004197B4 /* ArtworkViews.swift in Sources */,
				83D226CD2620F4910050ED9E /* PinViewController.swift in Sources */,
				9F612054230CAC2300F1D9DE /* Artwork.swift in Sources */,
				9FC12D6B230E9B1E00016617 /* AboutViewController.swift in Sources */,
				9F9F31A52300B40900C0E854 /* AppDelegate.swift in Sources */,
				9FF43BDA2621221A00BE3F6A /* SearchFooter.swift in Sources */,
				839CF440267B78AB00E259D9 /* SettingsViewController.swift in Sources */,
			);
			runOnlyForDeploymentPostprocessing = 0;
		};
		9F9F31B12300B40A00C0E854 /* Sources */ = {
			isa = PBXSourcesBuildPhase;
			buildActionMask = 2147483647;
			files = (
				9F9F31BA2300B40A00C0E854 /* PennyMeTests.swift in Sources */,
			);
			runOnlyForDeploymentPostprocessing = 0;
		};
		9F9F31BC2300B40A00C0E854 /* Sources */ = {
			isa = PBXSourcesBuildPhase;
			buildActionMask = 2147483647;
			files = (
				9F9F31C52300B40A00C0E854 /* PennyMeUITests.swift in Sources */,
			);
			runOnlyForDeploymentPostprocessing = 0;
		};
/* End PBXSourcesBuildPhase section */

/* Begin PBXTargetDependency section */
		9F9F31B72300B40A00C0E854 /* PBXTargetDependency */ = {
			isa = PBXTargetDependency;
			target = 9F9F31A02300B40900C0E854 /* PennyMe */;
			targetProxy = 9F9F31B62300B40A00C0E854 /* PBXContainerItemProxy */;
		};
		9F9F31C22300B40A00C0E854 /* PBXTargetDependency */ = {
			isa = PBXTargetDependency;
			target = 9F9F31A02300B40900C0E854 /* PennyMe */;
			targetProxy = 9F9F31C12300B40A00C0E854 /* PBXContainerItemProxy */;
		};
/* End PBXTargetDependency section */

/* Begin PBXVariantGroup section */
		9F9F31A82300B40900C0E854 /* Main.storyboard */ = {
			isa = PBXVariantGroup;
			children = (
				9F9F31A92300B40900C0E854 /* Base */,
			);
			name = Main.storyboard;
			sourceTree = "<group>";
		};
		9F9F31AD2300B40A00C0E854 /* LaunchScreen.storyboard */ = {
			isa = PBXVariantGroup;
			children = (
				9F9F31AE2300B40A00C0E854 /* Base */,
			);
			name = LaunchScreen.storyboard;
			sourceTree = "<group>";
		};
/* End PBXVariantGroup section */

/* Begin XCBuildConfiguration section */
		9F9F31C72300B40A00C0E854 /* Debug */ = {
			isa = XCBuildConfiguration;
			buildSettings = {
				ALWAYS_SEARCH_USER_PATHS = NO;
				CLANG_ANALYZER_NONNULL = YES;
				CLANG_ANALYZER_NUMBER_OBJECT_CONVERSION = YES_AGGRESSIVE;
				CLANG_CXX_LANGUAGE_STANDARD = "gnu++14";
				CLANG_CXX_LIBRARY = "libc++";
				CLANG_ENABLE_MODULES = YES;
				CLANG_ENABLE_OBJC_ARC = YES;
				CLANG_ENABLE_OBJC_WEAK = YES;
				CLANG_WARN_BLOCK_CAPTURE_AUTORELEASING = YES;
				CLANG_WARN_BOOL_CONVERSION = YES;
				CLANG_WARN_COMMA = YES;
				CLANG_WARN_CONSTANT_CONVERSION = YES;
				CLANG_WARN_DEPRECATED_OBJC_IMPLEMENTATIONS = YES;
				CLANG_WARN_DIRECT_OBJC_ISA_USAGE = YES_ERROR;
				CLANG_WARN_DOCUMENTATION_COMMENTS = YES;
				CLANG_WARN_EMPTY_BODY = YES;
				CLANG_WARN_ENUM_CONVERSION = YES;
				CLANG_WARN_INFINITE_RECURSION = YES;
				CLANG_WARN_INT_CONVERSION = YES;
				CLANG_WARN_NON_LITERAL_NULL_CONVERSION = YES;
				CLANG_WARN_OBJC_IMPLICIT_RETAIN_SELF = YES;
				CLANG_WARN_OBJC_LITERAL_CONVERSION = YES;
				CLANG_WARN_OBJC_ROOT_CLASS = YES_ERROR;
				CLANG_WARN_RANGE_LOOP_ANALYSIS = YES;
				CLANG_WARN_STRICT_PROTOTYPES = YES;
				CLANG_WARN_SUSPICIOUS_MOVE = YES;
				CLANG_WARN_UNGUARDED_AVAILABILITY = YES_AGGRESSIVE;
				CLANG_WARN_UNREACHABLE_CODE = YES;
				CLANG_WARN__DUPLICATE_METHOD_MATCH = YES;
				CODE_SIGN_IDENTITY = "iPhone Developer";
				COPY_PHASE_STRIP = NO;
				DEBUG_INFORMATION_FORMAT = dwarf;
				ENABLE_STRICT_OBJC_MSGSEND = YES;
				ENABLE_TESTABILITY = YES;
				GCC_C_LANGUAGE_STANDARD = gnu11;
				GCC_DYNAMIC_NO_PIC = NO;
				GCC_NO_COMMON_BLOCKS = YES;
				GCC_OPTIMIZATION_LEVEL = 0;
				GCC_PREPROCESSOR_DEFINITIONS = (
					"DEBUG=1",
					"$(inherited)",
				);
				GCC_WARN_64_TO_32_BIT_CONVERSION = YES;
				GCC_WARN_ABOUT_RETURN_TYPE = YES_ERROR;
				GCC_WARN_UNDECLARED_SELECTOR = YES;
				GCC_WARN_UNINITIALIZED_AUTOS = YES_AGGRESSIVE;
				GCC_WARN_UNUSED_FUNCTION = YES;
				GCC_WARN_UNUSED_VARIABLE = YES;
				IPHONEOS_DEPLOYMENT_TARGET = 12.1;
				MTL_ENABLE_DEBUG_INFO = INCLUDE_SOURCE;
				MTL_FAST_MATH = YES;
				ONLY_ACTIVE_ARCH = YES;
				SDKROOT = iphoneos;
				SWIFT_ACTIVE_COMPILATION_CONDITIONS = DEBUG;
				SWIFT_OPTIMIZATION_LEVEL = "-Onone";
			};
			name = Debug;
		};
		9F9F31C82300B40A00C0E854 /* Release */ = {
			isa = XCBuildConfiguration;
			buildSettings = {
				ALWAYS_SEARCH_USER_PATHS = NO;
				CLANG_ANALYZER_NONNULL = YES;
				CLANG_ANALYZER_NUMBER_OBJECT_CONVERSION = YES_AGGRESSIVE;
				CLANG_CXX_LANGUAGE_STANDARD = "gnu++14";
				CLANG_CXX_LIBRARY = "libc++";
				CLANG_ENABLE_MODULES = YES;
				CLANG_ENABLE_OBJC_ARC = YES;
				CLANG_ENABLE_OBJC_WEAK = YES;
				CLANG_WARN_BLOCK_CAPTURE_AUTORELEASING = YES;
				CLANG_WARN_BOOL_CONVERSION = YES;
				CLANG_WARN_COMMA = YES;
				CLANG_WARN_CONSTANT_CONVERSION = YES;
				CLANG_WARN_DEPRECATED_OBJC_IMPLEMENTATIONS = YES;
				CLANG_WARN_DIRECT_OBJC_ISA_USAGE = YES_ERROR;
				CLANG_WARN_DOCUMENTATION_COMMENTS = YES;
				CLANG_WARN_EMPTY_BODY = YES;
				CLANG_WARN_ENUM_CONVERSION = YES;
				CLANG_WARN_INFINITE_RECURSION = YES;
				CLANG_WARN_INT_CONVERSION = YES;
				CLANG_WARN_NON_LITERAL_NULL_CONVERSION = YES;
				CLANG_WARN_OBJC_IMPLICIT_RETAIN_SELF = YES;
				CLANG_WARN_OBJC_LITERAL_CONVERSION = YES;
				CLANG_WARN_OBJC_ROOT_CLASS = YES_ERROR;
				CLANG_WARN_RANGE_LOOP_ANALYSIS = YES;
				CLANG_WARN_STRICT_PROTOTYPES = YES;
				CLANG_WARN_SUSPICIOUS_MOVE = YES;
				CLANG_WARN_UNGUARDED_AVAILABILITY = YES_AGGRESSIVE;
				CLANG_WARN_UNREACHABLE_CODE = YES;
				CLANG_WARN__DUPLICATE_METHOD_MATCH = YES;
				CODE_SIGN_IDENTITY = "iPhone Developer";
				COPY_PHASE_STRIP = NO;
				DEBUG_INFORMATION_FORMAT = "dwarf-with-dsym";
				ENABLE_NS_ASSERTIONS = NO;
				ENABLE_STRICT_OBJC_MSGSEND = YES;
				GCC_C_LANGUAGE_STANDARD = gnu11;
				GCC_NO_COMMON_BLOCKS = YES;
				GCC_WARN_64_TO_32_BIT_CONVERSION = YES;
				GCC_WARN_ABOUT_RETURN_TYPE = YES_ERROR;
				GCC_WARN_UNDECLARED_SELECTOR = YES;
				GCC_WARN_UNINITIALIZED_AUTOS = YES_AGGRESSIVE;
				GCC_WARN_UNUSED_FUNCTION = YES;
				GCC_WARN_UNUSED_VARIABLE = YES;
				IPHONEOS_DEPLOYMENT_TARGET = 12.1;
				MTL_ENABLE_DEBUG_INFO = NO;
				MTL_FAST_MATH = YES;
				SDKROOT = iphoneos;
				SWIFT_COMPILATION_MODE = wholemodule;
				SWIFT_OPTIMIZATION_LEVEL = "-O";
				VALIDATE_PRODUCT = YES;
			};
			name = Release;
		};
		9F9F31CA2300B40A00C0E854 /* Debug */ = {
			isa = XCBuildConfiguration;
			buildSettings = {
				ASSETCATALOG_COMPILER_APPICON_NAME = "AppIcon-1";
				CODE_SIGN_STYLE = Automatic;
				DEVELOPMENT_TEAM = H8Z8J2BM93;
				INFOPLIST_FILE = PennyMe/Info.plist;
				LD_RUNPATH_SEARCH_PATHS = (
					"$(inherited)",
					"@executable_path/Frameworks",
				);
				PRODUCT_BUNDLE_IDENTIFIER = PennyMe;
				PRODUCT_NAME = "$(TARGET_NAME)";
				SWIFT_VERSION = 4.2;
				TARGETED_DEVICE_FAMILY = 1;
			};
			name = Debug;
		};
		9F9F31CB2300B40A00C0E854 /* Release */ = {
			isa = XCBuildConfiguration;
			buildSettings = {
				ASSETCATALOG_COMPILER_APPICON_NAME = "AppIcon-1";
				CODE_SIGN_STYLE = Automatic;
				DEVELOPMENT_TEAM = H8Z8J2BM93;
				INFOPLIST_FILE = PennyMe/Info.plist;
				LD_RUNPATH_SEARCH_PATHS = (
					"$(inherited)",
					"@executable_path/Frameworks",
				);
				PRODUCT_BUNDLE_IDENTIFIER = PennyMe;
				PRODUCT_NAME = "$(TARGET_NAME)";
				SWIFT_VERSION = 4.2;
				TARGETED_DEVICE_FAMILY = 1;
			};
			name = Release;
		};
		9F9F31CD2300B40A00C0E854 /* Debug */ = {
			isa = XCBuildConfiguration;
			buildSettings = {
				ALWAYS_EMBED_SWIFT_STANDARD_LIBRARIES = YES;
				BUNDLE_LOADER = "$(TEST_HOST)";
				CODE_SIGN_STYLE = Automatic;
				DEVELOPMENT_TEAM = H8Z8J2BM93;
				INFOPLIST_FILE = PennyMeTests/Info.plist;
				LD_RUNPATH_SEARCH_PATHS = (
					"$(inherited)",
					"@executable_path/Frameworks",
					"@loader_path/Frameworks",
				);
				PRODUCT_BUNDLE_IDENTIFIER = com.me.PennyMeTests;
				PRODUCT_NAME = "$(TARGET_NAME)";
				SWIFT_VERSION = 4.2;
				TARGETED_DEVICE_FAMILY = "1,2";
				TEST_HOST = "$(BUILT_PRODUCTS_DIR)/PennyMe.app/PennyMe";
			};
			name = Debug;
		};
		9F9F31CE2300B40A00C0E854 /* Release */ = {
			isa = XCBuildConfiguration;
			buildSettings = {
				ALWAYS_EMBED_SWIFT_STANDARD_LIBRARIES = YES;
				BUNDLE_LOADER = "$(TEST_HOST)";
				CODE_SIGN_STYLE = Automatic;
				DEVELOPMENT_TEAM = H8Z8J2BM93;
				INFOPLIST_FILE = PennyMeTests/Info.plist;
				LD_RUNPATH_SEARCH_PATHS = (
					"$(inherited)",
					"@executable_path/Frameworks",
					"@loader_path/Frameworks",
				);
				PRODUCT_BUNDLE_IDENTIFIER = com.me.PennyMeTests;
				PRODUCT_NAME = "$(TARGET_NAME)";
				SWIFT_VERSION = 4.2;
				TARGETED_DEVICE_FAMILY = "1,2";
				TEST_HOST = "$(BUILT_PRODUCTS_DIR)/PennyMe.app/PennyMe";
			};
			name = Release;
		};
		9F9F31D02300B40A00C0E854 /* Debug */ = {
			isa = XCBuildConfiguration;
			buildSettings = {
				ALWAYS_EMBED_SWIFT_STANDARD_LIBRARIES = YES;
				CODE_SIGN_STYLE = Automatic;
				DEVELOPMENT_TEAM = H8Z8J2BM93;
				INFOPLIST_FILE = PennyMeUITests/Info.plist;
				LD_RUNPATH_SEARCH_PATHS = (
					"$(inherited)",
					"@executable_path/Frameworks",
					"@loader_path/Frameworks",
				);
				PRODUCT_BUNDLE_IDENTIFIER = com.me.PennyMeUITests;
				PRODUCT_NAME = "$(TARGET_NAME)";
				SWIFT_VERSION = 4.2;
				TARGETED_DEVICE_FAMILY = "1,2";
				TEST_TARGET_NAME = PennyMe;
			};
			name = Debug;
		};
		9F9F31D12300B40A00C0E854 /* Release */ = {
			isa = XCBuildConfiguration;
			buildSettings = {
				ALWAYS_EMBED_SWIFT_STANDARD_LIBRARIES = YES;
				CODE_SIGN_STYLE = Automatic;
				DEVELOPMENT_TEAM = H8Z8J2BM93;
				INFOPLIST_FILE = PennyMeUITests/Info.plist;
				LD_RUNPATH_SEARCH_PATHS = (
					"$(inherited)",
					"@executable_path/Frameworks",
					"@loader_path/Frameworks",
				);
				PRODUCT_BUNDLE_IDENTIFIER = com.me.PennyMeUITests;
				PRODUCT_NAME = "$(TARGET_NAME)";
				SWIFT_VERSION = 4.2;
				TARGETED_DEVICE_FAMILY = "1,2";
				TEST_TARGET_NAME = PennyMe;
			};
			name = Release;
		};
/* End XCBuildConfiguration section */

/* Begin XCConfigurationList section */
		9F9F319C2300B40900C0E854 /* Build configuration list for PBXProject "PennyMe" */ = {
			isa = XCConfigurationList;
			buildConfigurations = (
				9F9F31C72300B40A00C0E854 /* Debug */,
				9F9F31C82300B40A00C0E854 /* Release */,
			);
			defaultConfigurationIsVisible = 0;
			defaultConfigurationName = Release;
		};
		9F9F31C92300B40A00C0E854 /* Build configuration list for PBXNativeTarget "PennyMe" */ = {
			isa = XCConfigurationList;
			buildConfigurations = (
				9F9F31CA2300B40A00C0E854 /* Debug */,
				9F9F31CB2300B40A00C0E854 /* Release */,
			);
			defaultConfigurationIsVisible = 0;
			defaultConfigurationName = Release;
		};
		9F9F31CC2300B40A00C0E854 /* Build configuration list for PBXNativeTarget "PennyMeTests" */ = {
			isa = XCConfigurationList;
			buildConfigurations = (
				9F9F31CD2300B40A00C0E854 /* Debug */,
				9F9F31CE2300B40A00C0E854 /* Release */,
			);
			defaultConfigurationIsVisible = 0;
			defaultConfigurationName = Release;
		};
		9F9F31CF2300B40A00C0E854 /* Build configuration list for PBXNativeTarget "PennyMeUITests" */ = {
			isa = XCConfigurationList;
			buildConfigurations = (
				9F9F31D02300B40A00C0E854 /* Debug */,
				9F9F31D12300B40A00C0E854 /* Release */,
			);
			defaultConfigurationIsVisible = 0;
			defaultConfigurationName = Release;
		};
/* End XCConfigurationList section */
	};
	rootObject = 9F9F31992300B40900C0E854 /* Project object */;
}
